
Microsoft Visual Studio Solution File, Format Version 12.00
# Visual Studio 15
VisualStudioVersion = 15.0.27004.2008
MinimumVisualStudioVersion = 10.0.40219.1
Project("{9A19103F-16F7-4668-BE54-9A1E7A4F7556}") = "ShowPics", "ShowPics\ShowPics.csproj", "{AE3A6DEC-AA77-4B5D-8049-0D16DD26749B}"
EndProject
Project("{9A19103F-16F7-4668-BE54-9A1E7A4F7556}") = "ShowPics.Dtos", "ShowPics.Dtos\ShowPics.Dtos.csproj", "{60FE1D66-59E5-4A45-93D6-37B5914E2BE2}"
EndProject
Project("{9A19103F-16F7-4668-BE54-9A1E7A4F7556}") = "ShowPics.Cli", "ShowPics.Cli\ShowPics.Cli.csproj", "{52E46551-7FEA-4618-B0BE-2D54019D2E1E}"
EndProject
Project("{9A19103F-16F7-4668-BE54-9A1E7A4F7556}") = "ShowPics.Data", "ShowPics.Data\ShowPics.Data.csproj", "{623D7DC4-6E9C-407F-8A31-252ED914914D}"
EndProject
Project("{9A19103F-16F7-4668-BE54-9A1E7A4F7556}") = "ShowPics.Entities", "ShowPics.Entities\ShowPics.Entities.csproj", "{372CFEE2-DB8E-4A8B-89A1-E850D96D299A}"
EndProject
Project("{9A19103F-16F7-4668-BE54-9A1E7A4F7556}") = "ShowPics.Data.Abstractions", "ShowPics.Data.Abstractions\ShowPics.Data.Abstractions.csproj", "{25A5262D-0DEB-4E8A-BA2A-154856DE39E3}"
EndProject
Project("{9A19103F-16F7-4668-BE54-9A1E7A4F7556}") = "ShowPics.Utilities", "ShowPics.Utilities\ShowPics.Utilities.csproj", "{63EC4D51-CACE-4E50-919F-1825ECF06B8C}"
EndProject
Project("{2150E333-8FDC-42A3-9474-1A3956D46DE8}") = "Solution Items", "Solution Items", "{68E2C078-93D8-4E1F-B638-7BD79542B5CF}"
	ProjectSection(SolutionItems) = preProject
		.gitattributes = .gitattributes
		.gitignore = .gitignore
		.travis.yml = .travis.yml
		README.md = README.md
	EndProjectSection
EndProject
Project("{2150E333-8FDC-42A3-9474-1A3956D46DE8}") = "tools", "tools", "{C8B43F60-0040-42A4-85BF-1F77AAC1A3D9}"
	ProjectSection(SolutionItems) = preProject
		tools\after_deploy.ps1 = tools\after_deploy.ps1
	EndProjectSection
EndProject
Global
	GlobalSection(SolutionConfigurationPlatforms) = preSolution
		Debug|Any CPU = Debug|Any CPU
		Release|Any CPU = Release|Any CPU
	EndGlobalSection
	GlobalSection(ProjectConfigurationPlatforms) = postSolution
		{AE3A6DEC-AA77-4B5D-8049-0D16DD26749B}.Debug|Any CPU.ActiveCfg = Debug|Any CPU
		{AE3A6DEC-AA77-4B5D-8049-0D16DD26749B}.Debug|Any CPU.Build.0 = Debug|Any CPU
		{AE3A6DEC-AA77-4B5D-8049-0D16DD26749B}.Release|Any CPU.ActiveCfg = Release|Any CPU
		{AE3A6DEC-AA77-4B5D-8049-0D16DD26749B}.Release|Any CPU.Build.0 = Release|Any CPU
		{60FE1D66-59E5-4A45-93D6-37B5914E2BE2}.Debug|Any CPU.ActiveCfg = Debug|Any CPU
		{60FE1D66-59E5-4A45-93D6-37B5914E2BE2}.Debug|Any CPU.Build.0 = Debug|Any CPU
		{60FE1D66-59E5-4A45-93D6-37B5914E2BE2}.Release|Any CPU.ActiveCfg = Release|Any CPU
		{60FE1D66-59E5-4A45-93D6-37B5914E2BE2}.Release|Any CPU.Build.0 = Release|Any CPU
		{52E46551-7FEA-4618-B0BE-2D54019D2E1E}.Debug|Any CPU.ActiveCfg = Debug|Any CPU
		{52E46551-7FEA-4618-B0BE-2D54019D2E1E}.Debug|Any CPU.Build.0 = Debug|Any CPU
		{52E46551-7FEA-4618-B0BE-2D54019D2E1E}.Release|Any CPU.ActiveCfg = Release|Any CPU
		{52E46551-7FEA-4618-B0BE-2D54019D2E1E}.Release|Any CPU.Build.0 = Release|Any CPU
		{623D7DC4-6E9C-407F-8A31-252ED914914D}.Debug|Any CPU.ActiveCfg = Debug|Any CPU
		{623D7DC4-6E9C-407F-8A31-252ED914914D}.Debug|Any CPU.Build.0 = Debug|Any CPU
		{623D7DC4-6E9C-407F-8A31-252ED914914D}.Release|Any CPU.ActiveCfg = Release|Any CPU
		{623D7DC4-6E9C-407F-8A31-252ED914914D}.Release|Any CPU.Build.0 = Release|Any CPU
		{372CFEE2-DB8E-4A8B-89A1-E850D96D299A}.Debug|Any CPU.ActiveCfg = Debug|Any CPU
		{372CFEE2-DB8E-4A8B-89A1-E850D96D299A}.Debug|Any CPU.Build.0 = Debug|Any CPU
		{372CFEE2-DB8E-4A8B-89A1-E850D96D299A}.Release|Any CPU.ActiveCfg = Release|Any CPU
		{372CFEE2-DB8E-4A8B-89A1-E850D96D299A}.Release|Any CPU.Build.0 = Release|Any CPU
		{25A5262D-0DEB-4E8A-BA2A-154856DE39E3}.Debug|Any CPU.ActiveCfg = Debug|Any CPU
		{25A5262D-0DEB-4E8A-BA2A-154856DE39E3}.Debug|Any CPU.Build.0 = Debug|Any CPU
		{25A5262D-0DEB-4E8A-BA2A-154856DE39E3}.Release|Any CPU.ActiveCfg = Release|Any CPU
		{25A5262D-0DEB-4E8A-BA2A-154856DE39E3}.Release|Any CPU.Build.0 = Release|Any CPU
		{63EC4D51-CACE-4E50-919F-1825ECF06B8C}.Debug|Any CPU.ActiveCfg = Debug|Any CPU
		{63EC4D51-CACE-4E50-919F-1825ECF06B8C}.Debug|Any CPU.Build.0 = Debug|Any CPU
		{63EC4D51-CACE-4E50-919F-1825ECF06B8C}.Release|Any CPU.ActiveCfg = Release|Any CPU
		{63EC4D51-CACE-4E50-919F-1825ECF06B8C}.Release|Any CPU.Build.0 = Release|Any CPU
	EndGlobalSection
	GlobalSection(SolutionProperties) = preSolution
		HideSolutionNode = FALSE
	EndGlobalSection
	GlobalSection(NestedProjects) = preSolution
		{C8B43F60-0040-42A4-85BF-1F77AAC1A3D9} = {68E2C078-93D8-4E1F-B638-7BD79542B5CF}
	EndGlobalSection
	GlobalSection(ExtensibilityGlobals) = postSolution
		SolutionGuid = {001F1017-2AE8-4CD1-AA25-764927A10A6B}
	EndGlobalSection
EndGlobal
